{
  "name": "vuedoc",
  "version": "1.0.0",
  "lockfileVersion": 1,
  "requires": true,
  "dependencies": {
    "fs": {
      "version": "0.0.1-security",
      "resolved": "https://registry.npmjs.org/fs/-/fs-0.0.1-security.tgz",
      "integrity": "sha1-invTcYa23d84E/I4WLV+yq9eQdQ="
    },
    "fs.promises": {
      "version": "0.1.2",
      "resolved": "https://registry.npmjs.org/fs.promises/-/fs.promises-0.1.2.tgz",
      "integrity": "sha512-LNfkXdN6EToumV455EbdJaNxqLmEFqKqNZVIEyI2whtdpIppTsne2fHWgx05s+B2Aif29Lhzdz0AaOXKLvMGsA=="
    },
    "readline": {
      "version": "1.3.0",
      "resolved": "https://registry.npmjs.org/readline/-/readline-1.3.0.tgz",
      "integrity": "sha1-xYDXfvLPyHUrEySYBg3JeTp6wBw="
    }
  }
}
